
Microsoft Visual Studio Solution File, Format Version 12.00
# Visual Studio Version 16
VisualStudioVersion = 16.0.30002.166
MinimumVisualStudioVersion = 10.0.40219.1
Project("{9A19103F-16F7-4668-BE54-9A1E7A4F7556}") = "Example1", "Example1\Example1.csproj", "{6B946AD2-181E-469A-B987-85FF1A9B8960}"
EndProject
Project("{FAE04EC0-301F-11D3-BF4B-00C04F79EFBC}") = "Example2", "Example2\Example2.csproj", "{67217C8A-4486-41CF-8071-083C2641982E}"
EndProject
Global
	GlobalSection(SolutionConfigurationPlatforms) = preSolution
		Debug|Any CPU = Debug|Any CPU
		Release|Any CPU = Release|Any CPU
	EndGlobalSection
	GlobalSection(ProjectConfigurationPlatforms) = postSolution
		{6B946AD2-181E-469A-B987-85FF1A9B8960}.Debug|Any CPU.ActiveCfg = Debug|Any CPU
		{6B946AD2-181E-469A-B987-85FF1A9B8960}.Debug|Any CPU.Build.0 = Debug|Any CPU
		{6B946AD2-181E-469A-B987-85FF1A9B8960}.Release|Any CPU.ActiveCfg = Release|Any CPU
		{6B946AD2-181E-469A-B987-85FF1A9B8960}.Release|Any CPU.Build.0 = Release|Any CPU
		{67217C8A-4486-41CF-8071-083C2641982E}.Debug|Any CPU.ActiveCfg = Debug|Any CPU
		{67217C8A-4486-41CF-8071-083C2641982E}.Debug|Any CPU.Build.0 = Debug|Any CPU
		{67217C8A-4486-41CF-8071-083C2641982E}.Release|Any CPU.ActiveCfg = Release|Any CPU
		{67217C8A-4486-41CF-8071-083C2641982E}.Release|Any CPU.Build.0 = Release|Any CPU
	EndGlobalSection
	GlobalSection(SolutionProperties) = preSolution
		HideSolutionNode = FALSE
	EndGlobalSection
	GlobalSection(ExtensibilityGlobals) = postSolution
		SolutionGuid = {1E01AA33-7DBA-4596-9491-DB41541CDDE0}
	EndGlobalSection
EndGlobal
